
Microsoft Visual Studio Solution File, Format Version 12.00
# Visual Studio Version 16
VisualStudioVersion = 16.0.31702.278
MinimumVisualStudioVersion = 10.0.40219.1
Project("{9A19103F-16F7-4668-BE54-9A1E7A4F7556}") = "pz_5", "pz_5\pz_5.csproj", "{0941C1E7-6755-4F67-A6FF-83B3A774CC8B}"
EndProject
Project("{9A19103F-16F7-4668-BE54-9A1E7A4F7556}") = "pz_6", "pz_6\pz_6.csproj", "{5EBA2A91-8A18-4248-A67D-A16DC9372E85}"
EndProject
Project("{9A19103F-16F7-4668-BE54-9A1E7A4F7556}") = "pz_8", "pz_8\pz_8.csproj", "{99E8685D-24ED-4737-945B-29776697FD07}"
EndProject
Project("{FAE04EC0-301F-11D3-BF4B-00C04F79EFBC}") = "pz_9", "pz_9\pz_9.csproj", "{8DA562BA-03F2-4D53-9D5E-B54B3EBA9AA9}"
EndProject
Global
	GlobalSection(SolutionConfigurationPlatforms) = preSolution
		Debug|Any CPU = Debug|Any CPU
		Release|Any CPU = Release|Any CPU
	EndGlobalSection
	GlobalSection(ProjectConfigurationPlatforms) = postSolution
		{0941C1E7-6755-4F67-A6FF-83B3A774CC8B}.Debug|Any CPU.ActiveCfg = Debug|Any CPU
		{0941C1E7-6755-4F67-A6FF-83B3A774CC8B}.Debug|Any CPU.Build.0 = Debug|Any CPU
		{0941C1E7-6755-4F67-A6FF-83B3A774CC8B}.Release|Any CPU.ActiveCfg = Release|Any CPU
		{0941C1E7-6755-4F67-A6FF-83B3A774CC8B}.Release|Any CPU.Build.0 = Release|Any CPU
		{5EBA2A91-8A18-4248-A67D-A16DC9372E85}.Debug|Any CPU.ActiveCfg = Debug|Any CPU
		{5EBA2A91-8A18-4248-A67D-A16DC9372E85}.Debug|Any CPU.Build.0 = Debug|Any CPU
		{5EBA2A91-8A18-4248-A67D-A16DC9372E85}.Release|Any CPU.ActiveCfg = Release|Any CPU
		{5EBA2A91-8A18-4248-A67D-A16DC9372E85}.Release|Any CPU.Build.0 = Release|Any CPU
		{99E8685D-24ED-4737-945B-29776697FD07}.Debug|Any CPU.ActiveCfg = Debug|Any CPU
		{99E8685D-24ED-4737-945B-29776697FD07}.Debug|Any CPU.Build.0 = Debug|Any CPU
		{99E8685D-24ED-4737-945B-29776697FD07}.Release|Any CPU.ActiveCfg = Release|Any CPU
		{99E8685D-24ED-4737-945B-29776697FD07}.Release|Any CPU.Build.0 = Release|Any CPU
		{8DA562BA-03F2-4D53-9D5E-B54B3EBA9AA9}.Debug|Any CPU.ActiveCfg = Debug|Any CPU
		{8DA562BA-03F2-4D53-9D5E-B54B3EBA9AA9}.Debug|Any CPU.Build.0 = Debug|Any CPU
		{8DA562BA-03F2-4D53-9D5E-B54B3EBA9AA9}.Release|Any CPU.ActiveCfg = Release|Any CPU
		{8DA562BA-03F2-4D53-9D5E-B54B3EBA9AA9}.Release|Any CPU.Build.0 = Release|Any CPU
	EndGlobalSection
	GlobalSection(SolutionProperties) = preSolution
		HideSolutionNode = FALSE
	EndGlobalSection
	GlobalSection(ExtensibilityGlobals) = postSolution
		SolutionGuid = {7B9FFB7A-A132-4EF5-8D79-9D93EB5E2C1D}
	EndGlobalSection
EndGlobal
